
Microsoft Visual Studio Solution File, Format Version 12.00
# Visual Studio Version 17
VisualStudioVersion = 17.4.33122.133
MinimumVisualStudioVersion = 10.0.40219.1
Project("{FAE04EC0-301F-11D3-BF4B-00C04F79EFBC}") = "G23W1303WPFMenu", "G23W1303WPFMenu\G23W1303WPFMenu.csproj", "{6AC43BFF-27EE-4682-A8F8-4D285813DB6A}"
EndProject
Global
	GlobalSection(SolutionConfigurationPlatforms) = preSolution
		Debug|Any CPU = Debug|Any CPU
		Release|Any CPU = Release|Any CPU
	EndGlobalSection
	GlobalSection(ProjectConfigurationPlatforms) = postSolution
		{6AC43BFF-27EE-4682-A8F8-4D285813DB6A}.Debug|Any CPU.ActiveCfg = Debug|Any CPU
		{6AC43BFF-27EE-4682-A8F8-4D285813DB6A}.Debug|Any CPU.Build.0 = Debug|Any CPU
		{6AC43BFF-27EE-4682-A8F8-4D285813DB6A}.Release|Any CPU.ActiveCfg = Release|Any CPU
		{6AC43BFF-27EE-4682-A8F8-4D285813DB6A}.Release|Any CPU.Build.0 = Release|Any CPU
	EndGlobalSection
	GlobalSection(SolutionProperties) = preSolution
		HideSolutionNode = FALSE
	EndGlobalSection
	GlobalSection(ExtensibilityGlobals) = postSolution
		SolutionGuid = {825ADA40-A6FF-4678-A207-44DBEB7E4589}
	EndGlobalSection
EndGlobal
